
Microsoft Visual Studio Solution File, Format Version 12.00
# Visual Studio 14
VisualStudioVersion = 14.0.25123.0
MinimumVisualStudioVersion = 10.0.40219.1
Project("{FAE04EC0-301F-11D3-BF4B-00C04F79EFBC}") = "CTE", "CTE\CTE.csproj", "{15141DF4-1D79-4937-A107-DC9AB80D1D8D}"
EndProject
Project("{FAE04EC0-301F-11D3-BF4B-00C04F79EFBC}") = "Modelo", "modelo\Modelo.csproj", "{A2D954A9-8110-417E-B9FA-CF4908D222EF}"
EndProject
Project("{FAE04EC0-301F-11D3-BF4B-00C04F79EFBC}") = "DAL", "DAL\DAL.csproj", "{C73E623F-1848-49E9-8ECC-EBCF1EB2E15E}"
EndProject
Project("{FAE04EC0-301F-11D3-BF4B-00C04F79EFBC}") = "BBL", "BBL\BBL.csproj", "{454179BB-E1A3-4F59-8AE6-59381D80C02C}"
EndProject
Project("{FAE04EC0-301F-11D3-BF4B-00C04F79EFBC}") = "Ferramentas", "..\..\..\Desktop\ControleDeEstoque\Ferramentas\Ferramentas.csproj", "{4A09CF67-5D5F-4E30-88D8-C6C30304CA4D}"
EndProject
Global
	GlobalSection(SolutionConfigurationPlatforms) = preSolution
		Debug|Any CPU = Debug|Any CPU
		Release|Any CPU = Release|Any CPU
	EndGlobalSection
	GlobalSection(ProjectConfigurationPlatforms) = postSolution
		{15141DF4-1D79-4937-A107-DC9AB80D1D8D}.Debug|Any CPU.ActiveCfg = Debug|Any CPU
		{15141DF4-1D79-4937-A107-DC9AB80D1D8D}.Debug|Any CPU.Build.0 = Debug|Any CPU
		{15141DF4-1D79-4937-A107-DC9AB80D1D8D}.Release|Any CPU.ActiveCfg = Release|Any CPU
		{15141DF4-1D79-4937-A107-DC9AB80D1D8D}.Release|Any CPU.Build.0 = Release|Any CPU
		{A2D954A9-8110-417E-B9FA-CF4908D222EF}.Debug|Any CPU.ActiveCfg = Debug|Any CPU
		{A2D954A9-8110-417E-B9FA-CF4908D222EF}.Debug|Any CPU.Build.0 = Debug|Any CPU
		{A2D954A9-8110-417E-B9FA-CF4908D222EF}.Release|Any CPU.ActiveCfg = Release|Any CPU
		{A2D954A9-8110-417E-B9FA-CF4908D222EF}.Release|Any CPU.Build.0 = Release|Any CPU
		{C73E623F-1848-49E9-8ECC-EBCF1EB2E15E}.Debug|Any CPU.ActiveCfg = Debug|Any CPU
		{C73E623F-1848-49E9-8ECC-EBCF1EB2E15E}.Debug|Any CPU.Build.0 = Debug|Any CPU
		{C73E623F-1848-49E9-8ECC-EBCF1EB2E15E}.Release|Any CPU.ActiveCfg = Release|Any CPU
		{C73E623F-1848-49E9-8ECC-EBCF1EB2E15E}.Release|Any CPU.Build.0 = Release|Any CPU
		{454179BB-E1A3-4F59-8AE6-59381D80C02C}.Debug|Any CPU.ActiveCfg = Debug|Any CPU
		{454179BB-E1A3-4F59-8AE6-59381D80C02C}.Debug|Any CPU.Build.0 = Debug|Any CPU
		{454179BB-E1A3-4F59-8AE6-59381D80C02C}.Release|Any CPU.ActiveCfg = Release|Any CPU
		{454179BB-E1A3-4F59-8AE6-59381D80C02C}.Release|Any CPU.Build.0 = Release|Any CPU
		{4A09CF67-5D5F-4E30-88D8-C6C30304CA4D}.Debug|Any CPU.ActiveCfg = Debug|Any CPU
		{4A09CF67-5D5F-4E30-88D8-C6C30304CA4D}.Debug|Any CPU.Build.0 = Debug|Any CPU
		{4A09CF67-5D5F-4E30-88D8-C6C30304CA4D}.Release|Any CPU.ActiveCfg = Release|Any CPU
		{4A09CF67-5D5F-4E30-88D8-C6C30304CA4D}.Release|Any CPU.Build.0 = Release|Any CPU
	EndGlobalSection
	GlobalSection(SolutionProperties) = preSolution
		HideSolutionNode = FALSE
	EndGlobalSection
EndGlobal
